
Microsoft Visual Studio Solution File, Format Version 12.00
# Visual Studio Version 17
VisualStudioVersion = 17.14.36327.8 d17.14
MinimumVisualStudioVersion = 10.0.40219.1
Project("{FAE04EC0-301F-11D3-BF4B-00C04F79EFBC}") = "Hola", "Hola.csproj", "{C1B9F27F-EBB5-45C5-9FA4-CD8F574267B1}"
EndProject
Global
	GlobalSection(SolutionConfigurationPlatforms) = preSolution
		Debug|Any CPU = Debug|Any CPU
		Release|Any CPU = Release|Any CPU
	EndGlobalSection
	GlobalSection(ProjectConfigurationPlatforms) = postSolution
		{C1B9F27F-EBB5-45C5-9FA4-CD8F574267B1}.Debug|Any CPU.ActiveCfg = Debug|Any CPU
		{C1B9F27F-EBB5-45C5-9FA4-CD8F574267B1}.Debug|Any CPU.Build.0 = Debug|Any CPU
		{C1B9F27F-EBB5-45C5-9FA4-CD8F574267B1}.Release|Any CPU.ActiveCfg = Release|Any CPU
		{C1B9F27F-EBB5-45C5-9FA4-CD8F574267B1}.Release|Any CPU.Build.0 = Release|Any CPU
	EndGlobalSection
	GlobalSection(SolutionProperties) = preSolution
		HideSolutionNode = FALSE
	EndGlobalSection
	GlobalSection(ExtensibilityGlobals) = postSolution
		SolutionGuid = {D5933331-7863-4CB6-8E32-5FA631E12D0E}
	EndGlobalSection
EndGlobal
